
Microsoft Visual Studio Solution File, Format Version 12.00
# Visual Studio Version 17
VisualStudioVersion = 17.10.35027.167
MinimumVisualStudioVersion = 10.0.40219.1
Project("{FAE04EC0-301F-11D3-BF4B-00C04F79EFBC}") = "Todo5061893", "Todo5061893\Todo5061893.csproj", "{0EC08C17-DC5C-43F4-B1CD-E8E90C18C065}"
EndProject
Global
	GlobalSection(SolutionConfigurationPlatforms) = preSolution
		Debug|Any CPU = Debug|Any CPU
		Release|Any CPU = Release|Any CPU
	EndGlobalSection
	GlobalSection(ProjectConfigurationPlatforms) = postSolution
		{0EC08C17-DC5C-43F4-B1CD-E8E90C18C065}.Debug|Any CPU.ActiveCfg = Debug|Any CPU
		{0EC08C17-DC5C-43F4-B1CD-E8E90C18C065}.Debug|Any CPU.Build.0 = Debug|Any CPU
		{0EC08C17-DC5C-43F4-B1CD-E8E90C18C065}.Debug|Any CPU.Deploy.0 = Debug|Any CPU
		{0EC08C17-DC5C-43F4-B1CD-E8E90C18C065}.Release|Any CPU.ActiveCfg = Release|Any CPU
		{0EC08C17-DC5C-43F4-B1CD-E8E90C18C065}.Release|Any CPU.Build.0 = Release|Any CPU
		{0EC08C17-DC5C-43F4-B1CD-E8E90C18C065}.Release|Any CPU.Deploy.0 = Release|Any CPU
	EndGlobalSection
	GlobalSection(SolutionProperties) = preSolution
		HideSolutionNode = FALSE
	EndGlobalSection
	GlobalSection(ExtensibilityGlobals) = postSolution
		SolutionGuid = {D5B788A3-DD3B-4646-A8DC-0BE072F3A2F9}
	EndGlobalSection
EndGlobal
